
Microsoft Visual Studio Solution File, Format Version 12.00
# Visual Studio Version 17
VisualStudioVersion = 17.11.35327.3
MinimumVisualStudioVersion = 10.0.40219.1
Project("{9A19103F-16F7-4668-BE54-9A1E7A4F7556}") = "WorkflowsEx", "Workflows\WorkflowsEx.csproj", "{465948B7-F019-47F5-BBEF-CF2CF695F97B}"
EndProject
Project("{9A19103F-16F7-4668-BE54-9A1E7A4F7556}") = "HostCli", "HostCli\HostCli.csproj", "{3C86879F-61E3-4CA0-9CC3-8AF9ED6126D8}"
EndProject
Project("{9A19103F-16F7-4668-BE54-9A1E7A4F7556}") = "Dependency.ConsoleApp", "Dependency.ConsoleApp\Dependency.ConsoleApp.csproj", "{A6CAFD44-7A55-4CEB-A1E6-5B9A2A2AF9FF}"
EndProject
Project("{FAE04EC0-301F-11D3-BF4B-00C04F79EFBC}") = "DockerContainersTests", "DockerContainersTests\DockerContainersTests.csproj", "{B55DBB67-EA3C-4A68-902E-1596F89CB94A}"
EndProject
Global
	GlobalSection(SolutionConfigurationPlatforms) = preSolution
		Debug|Any CPU = Debug|Any CPU
		Release|Any CPU = Release|Any CPU
	EndGlobalSection
	GlobalSection(ProjectConfigurationPlatforms) = postSolution
		{465948B7-F019-47F5-BBEF-CF2CF695F97B}.Debug|Any CPU.ActiveCfg = Debug|Any CPU
		{465948B7-F019-47F5-BBEF-CF2CF695F97B}.Debug|Any CPU.Build.0 = Debug|Any CPU
		{465948B7-F019-47F5-BBEF-CF2CF695F97B}.Release|Any CPU.ActiveCfg = Release|Any CPU
		{465948B7-F019-47F5-BBEF-CF2CF695F97B}.Release|Any CPU.Build.0 = Release|Any CPU
		{3C86879F-61E3-4CA0-9CC3-8AF9ED6126D8}.Debug|Any CPU.ActiveCfg = Debug|Any CPU
		{3C86879F-61E3-4CA0-9CC3-8AF9ED6126D8}.Debug|Any CPU.Build.0 = Debug|Any CPU
		{3C86879F-61E3-4CA0-9CC3-8AF9ED6126D8}.Release|Any CPU.ActiveCfg = Release|Any CPU
		{3C86879F-61E3-4CA0-9CC3-8AF9ED6126D8}.Release|Any CPU.Build.0 = Release|Any CPU
		{A6CAFD44-7A55-4CEB-A1E6-5B9A2A2AF9FF}.Debug|Any CPU.ActiveCfg = Debug|Any CPU
		{A6CAFD44-7A55-4CEB-A1E6-5B9A2A2AF9FF}.Debug|Any CPU.Build.0 = Debug|Any CPU
		{A6CAFD44-7A55-4CEB-A1E6-5B9A2A2AF9FF}.Release|Any CPU.ActiveCfg = Release|Any CPU
		{A6CAFD44-7A55-4CEB-A1E6-5B9A2A2AF9FF}.Release|Any CPU.Build.0 = Release|Any CPU
		{B55DBB67-EA3C-4A68-902E-1596F89CB94A}.Debug|Any CPU.ActiveCfg = Debug|Any CPU
		{B55DBB67-EA3C-4A68-902E-1596F89CB94A}.Debug|Any CPU.Build.0 = Debug|Any CPU
		{B55DBB67-EA3C-4A68-902E-1596F89CB94A}.Release|Any CPU.ActiveCfg = Release|Any CPU
		{B55DBB67-EA3C-4A68-902E-1596F89CB94A}.Release|Any CPU.Build.0 = Release|Any CPU
	EndGlobalSection
	GlobalSection(SolutionProperties) = preSolution
		HideSolutionNode = FALSE
	EndGlobalSection
	GlobalSection(ExtensibilityGlobals) = postSolution
		SolutionGuid = {B949D117-79C9-4319-BB4E-EEEEBB4B48F2}
	EndGlobalSection
EndGlobal
